// !$*UTF8*$!
{
	archiveVersion = 1;
	classes = {
	};
	objectVersion = 50;
	objects = {

/* Begin PBXBuildFile section */
		78BD93D524A375CB0001DB6A /* Tests_iOS.swift in Sources */ = {isa = PBXBuildFile; fileRef = 78BD93D424A375CB0001DB6A /* Tests_iOS.swift */; };
		78BD93E024A375CB0001DB6A /* Tests_macOS.swift in Sources */ = {isa = PBXBuildFile; fileRef = 78BD93DF24A375CB0001DB6A /* Tests_macOS.swift */; };
		78BD93E224A375CB0001DB6A /* XKCDApp.swift in Sources */ = {isa = PBXBuildFile; fileRef = 78BD93B924A375CA0001DB6A /* XKCDApp.swift */; };
		78BD93E324A375CB0001DB6A /* XKCDApp.swift in Sources */ = {isa = PBXBuildFile; fileRef = 78BD93B924A375CA0001DB6A /* XKCDApp.swift */; };
		78BD93E424A375CB0001DB6A /* ContentView.swift in Sources */ = {isa = PBXBuildFile; fileRef = 78BD93BA24A375CA0001DB6A /* ContentView.swift */; };
		78BD93E524A375CB0001DB6A /* ContentView.swift in Sources */ = {isa = PBXBuildFile; fileRef = 78BD93BA24A375CA0001DB6A /* ContentView.swift */; };
		78BD93E624A375CB0001DB6A /* Assets.xcassets in Resources */ = {isa = PBXBuildFile; fileRef = 78BD93BB24A375CB0001DB6A /* Assets.xcassets */; };
		78BD93E724A375CB0001DB6A /* Assets.xcassets in Resources */ = {isa = PBXBuildFile; fileRef = 78BD93BB24A375CB0001DB6A /* Assets.xcassets */; };
/* End PBXBuildFile section */

/* Begin PBXContainerItemProxy section */
		78BD93D124A375CB0001DB6A /* PBXContainerItemProxy */ = {
			isa = PBXContainerItemProxy;
			containerPortal = 78BD93B424A375C90001DB6A /* Project object */;
			proxyType = 1;
			remoteGlobalIDString = 78BD93BF24A375CB0001DB6A;
			remoteInfo = iOS;
		};
		78BD93DC24A375CB0001DB6A /* PBXContainerItemProxy */ = {
			isa = PBXContainerItemProxy;
			containerPortal = 78BD93B424A375C90001DB6A /* Project object */;
			proxyType = 1;
			remoteGlobalIDString = 78BD93C724A375CB0001DB6A;
			remoteInfo = macOS;
		};
/* End PBXContainerItemProxy section */

/* Begin PBXFileReference section */
		78BD93B924A375CA0001DB6A /* XKCDApp.swift */ = {isa = PBXFileReference; lastKnownFileType = sourcecode.swift; path = XKCDApp.swift; sourceTree = "<group>"; };
		78BD93BA24A375CA0001DB6A /* ContentView.swift */ = {isa = PBXFileReference; lastKnownFileType = sourcecode.swift; path = ContentView.swift; sourceTree = "<group>"; };
		78BD93BB24A375CB0001DB6A /* Assets.xcassets */ = {isa = PBXFileReference; lastKnownFileType = folder.assetcatalog; path = Assets.xcassets; sourceTree = "<group>"; };
		78BD93C024A375CB0001DB6A /* XKCD.app */ = {isa = PBXFileReference; explicitFileType = wrapper.application; includeInIndex = 0; path = XKCD.app; sourceTree = BUILT_PRODUCTS_DIR; };
		78BD93C324A375CB0001DB6A /* Info.plist */ = {isa = PBXFileReference; lastKnownFileType = text.plist.xml; path = Info.plist; sourceTree = "<group>"; };
		78BD93C824A375CB0001DB6A /* XKCD.app */ = {isa = PBXFileReference; explicitFileType = wrapper.application; includeInIndex = 0; path = XKCD.app; sourceTree = BUILT_PRODUCTS_DIR; };
		78BD93CA24A375CB0001DB6A /* Info.plist */ = {isa = PBXFileReference; lastKnownFileType = text.plist.xml; path = Info.plist; sourceTree = "<group>"; };
		78BD93CB24A375CB0001DB6A /* macOS.entitlements */ = {isa = PBXFileReference; lastKnownFileType = text.plist.entitlements; path = macOS.entitlements; sourceTree = "<group>"; };
		78BD93D024A375CB0001DB6A /* Tests iOS.xctest */ = {isa = PBXFileReference; explicitFileType = wrapper.cfbundle; includeInIndex = 0; path = "Tests iOS.xctest"; sourceTree = BUILT_PRODUCTS_DIR; };
		78BD93D424A375CB0001DB6A /* Tests_iOS.swift */ = {isa = PBXFileReference; lastKnownFileType = sourcecode.swift; path = Tests_iOS.swift; sourceTree = "<group>"; };
		78BD93D624A375CB0001DB6A /* Info.plist */ = {isa = PBXFileReference; lastKnownFileType = text.plist.xml; path = Info.plist; sourceTree = "<group>"; };
		78BD93DB24A375CB0001DB6A /* Tests macOS.xctest */ = {isa = PBXFileReference; explicitFileType = wrapper.cfbundle; includeInIndex = 0; path = "Tests macOS.xctest"; sourceTree = BUILT_PRODUCTS_DIR; };
		78BD93DF24A375CB0001DB6A /* Tests_macOS.swift */ = {isa = PBXFileReference; lastKnownFileType = sourcecode.swift; path = Tests_macOS.swift; sourceTree = "<group>"; };
		78BD93E124A375CB0001DB6A /* Info.plist */ = {isa = PBXFileReference; lastKnownFileType = text.plist.xml; path = Info.plist; sourceTree = "<group>"; };
/* End PBXFileReference section */

/* Begin PBXFrameworksBuildPhase section */
		78BD93BD24A375CB0001DB6A /* Frameworks */ = {
			isa = PBXFrameworksBuildPhase;
			buildActionMask = 2147483647;
			files = (
			);
			runOnlyForDeploymentPostprocessing = 0;
		};
		78BD93C524A375CB0001DB6A /* Frameworks */ = {
			isa = PBXFrameworksBuildPhase;
			buildActionMask = 2147483647;
			files = (
			);
			runOnlyForDeploymentPostprocessing = 0;
		};
		78BD93CD24A375CB0001DB6A /* Frameworks */ = {
			isa = PBXFrameworksBuildPhase;
			buildActionMask = 2147483647;
			files = (
			);
			runOnlyForDeploymentPostprocessing = 0;
		};
		78BD93D824A375CB0001DB6A /* Frameworks */ = {
			isa = PBXFrameworksBuildPhase;
			buildActionMask = 2147483647;
			files = (
			);
			runOnlyForDeploymentPostprocessing = 0;
		};
/* End PBXFrameworksBuildPhase section */

/* Begin PBXGroup section */
		78BD93B324A375C90001DB6A = {
			isa = PBXGroup;
			children = (
				78BD93B824A375CA0001DB6A /* Shared */,
				78BD93C224A375CB0001DB6A /* iOS */,
				78BD93C924A375CB0001DB6A /* macOS */,
				78BD93D324A375CB0001DB6A /* Tests iOS */,
				78BD93DE24A375CB0001DB6A /* Tests macOS */,
				78BD93C124A375CB0001DB6A /* Products */,
			);
			sourceTree = "<group>";
		};
		78BD93B824A375CA0001DB6A /* Shared */ = {
			isa = PBXGroup;
			children = (
				78BD93B924A375CA0001DB6A /* XKCDApp.swift */,
				78BD93BA24A375CA0001DB6A /* ContentView.swift */,
				78BD93BB24A375CB0001DB6A /* Assets.xcassets */,
			);
			path = Shared;
			sourceTree = "<group>";
		};
		78BD93C124A375CB0001DB6A /* Products */ = {
			isa = PBXGroup;
			children = (
				78BD93C024A375CB0001DB6A /* XKCD.app */,
				78BD93C824A375CB0001DB6A /* XKCD.app */,
				78BD93D024A375CB0001DB6A /* Tests iOS.xctest */,
				78BD93DB24A375CB0001DB6A /* Tests macOS.xctest */,
			);
			name = Products;
			sourceTree = "<group>";
		};
		78BD93C224A375CB0001DB6A /* iOS */ = {
			isa = PBXGroup;
			children = (
				78BD93C324A375CB0001DB6A /* Info.plist */,
			);
			path = iOS;
			sourceTree = "<group>";
		};
		78BD93C924A375CB0001DB6A /* macOS */ = {
			isa = PBXGroup;
			children = (
				78BD93CA24A375CB0001DB6A /* Info.plist */,
				78BD93CB24A375CB0001DB6A /* macOS.entitlements */,
			);
			path = macOS;
			sourceTree = "<group>";
		};
		78BD93D324A375CB0001DB6A /* Tests iOS */ = {
			isa = PBXGroup;
			children = (
				78BD93D424A375CB0001DB6A /* Tests_iOS.swift */,
				78BD93D624A375CB0001DB6A /* Info.plist */,
			);
			path = "Tests iOS";
			sourceTree = "<group>";
		};
		78BD93DE24A375CB0001DB6A /* Tests macOS */ = {
			isa = PBXGroup;
			children = (
				78BD93DF24A375CB0001DB6A /* Tests_macOS.swift */,
				78BD93E124A375CB0001DB6A /* Info.plist */,
			);
			path = "Tests macOS";
			sourceTree = "<group>";
		};
/* End PBXGroup section */

/* Begin PBXNativeTarget section */
		78BD93BF24A375CB0001DB6A /* iOS */ = {
			isa = PBXNativeTarget;
			buildConfigurationList = 78BD93EA24A375CB0001DB6A /* Build configuration list for PBXNativeTarget "iOS" */;
			buildPhases = (
				78BD93BC24A375CB0001DB6A /* Sources */,
				78BD93BD24A375CB0001DB6A /* Frameworks */,
				78BD93BE24A375CB0001DB6A /* Resources */,
			);
			buildRules = (
			);
			dependencies = (
			);
			name = iOS;
			productName = iOS;
			productReference = 78BD93C024A375CB0001DB6A /* XKCD.app */;
			productType = "com.apple.product-type.application";
		};
		78BD93C724A375CB0001DB6A /* macOS */ = {
			isa = PBXNativeTarget;
			buildConfigurationList = 78BD93ED24A375CB0001DB6A /* Build configuration list for PBXNativeTarget "macOS" */;
			buildPhases = (
				78BD93C424A375CB0001DB6A /* Sources */,
				78BD93C524A375CB0001DB6A /* Frameworks */,
				78BD93C624A375CB0001DB6A /* Resources */,
			);
			buildRules = (
			);
			dependencies = (
			);
			name = macOS;
			productName = macOS;
			productReference = 78BD93C824A375CB0001DB6A /* XKCD.app */;
			productType = "com.apple.product-type.application";
		};
		78BD93CF24A375CB0001DB6A /* Tests iOS */ = {
			isa = PBXNativeTarget;
			buildConfigurationList = 78BD93F024A375CB0001DB6A /* Build configuration list for PBXNativeTarget "Tests iOS" */;
			buildPhases = (
				78BD93CC24A375CB0001DB6A /* Sources */,
				78BD93CD24A375CB0001DB6A /* Frameworks */,
				78BD93CE24A375CB0001DB6A /* Resources */,
			);
			buildRules = (
			);
			dependencies = (
				78BD93D224A375CB0001DB6A /* PBXTargetDependency */,
			);
			name = "Tests iOS";
			productName = "Tests iOS";
			productReference = 78BD93D024A375CB0001DB6A /* Tests iOS.xctest */;
			productType = "com.apple.product-type.bundle.ui-testing";
		};
		78BD93DA24A375CB0001DB6A /* Tests macOS */ = {
			isa = PBXNativeTarget;
			buildConfigurationList = 78BD93F324A375CB0001DB6A /* Build configuration list for PBXNativeTarget "Tests macOS" */;
			buildPhases = (
				78BD93D724A375CB0001DB6A /* Sources */,
				78BD93D824A375CB0001DB6A /* Frameworks */,
				78BD93D924A375CB0001DB6A /* Resources */,
			);
			buildRules = (
			);
			dependencies = (
				78BD93DD24A375CB0001DB6A /* PBXTargetDependency */,
			);
			name = "Tests macOS";
			productName = "Tests macOS";
			productReference = 78BD93DB24A375CB0001DB6A /* Tests macOS.xctest */;
			productType = "com.apple.product-type.bundle.ui-testing";
		};
/* End PBXNativeTarget section */

/* Begin PBXProject section */
		78BD93B424A375C90001DB6A /* Project object */ = {
			isa = PBXProject;
			attributes = {
				LastSwiftUpdateCheck = 1200;
				LastUpgradeCheck = 1200;
				TargetAttributes = {
					78BD93BF24A375CB0001DB6A = {
						CreatedOnToolsVersion = 12.0;
					};
					78BD93C724A375CB0001DB6A = {
						CreatedOnToolsVersion = 12.0;
					};
					78BD93CF24A375CB0001DB6A = {
						CreatedOnToolsVersion = 12.0;
						TestTargetID = 78BD93BF24A375CB0001DB6A;
					};
					78BD93DA24A375CB0001DB6A = {
						CreatedOnToolsVersion = 12.0;
						TestTargetID = 78BD93C724A375CB0001DB6A;
					};
				};
			};
			buildConfigurationList = 78BD93B724A375C90001DB6A /* Build configuration list for PBXProject "XKCD" */;
			compatibilityVersion = "Xcode 9.3";
			developmentRegion = en;
			hasScannedForEncodings = 0;
			knownRegions = (
				en,
				Base,
			);
			mainGroup = 78BD93B324A375C90001DB6A;
			productRefGroup = 78BD93C124A375CB0001DB6A /* Products */;
			projectDirPath = "";
			projectRoot = "";
			targets = (
				78BD93BF24A375CB0001DB6A /* iOS */,
				78BD93C724A375CB0001DB6A /* macOS */,
				78BD93CF24A375CB0001DB6A /* Tests iOS */,
				78BD93DA24A375CB0001DB6A /* Tests macOS */,
			);
		};
/* End PBXProject section */

/* Begin PBXResourcesBuildPhase section */
		78BD93BE24A375CB0001DB6A /* Resources */ = {
			isa = PBXResourcesBuildPhase;
			buildActionMask = 2147483647;
			files = (
				78BD93E624A375CB0001DB6A /* Assets.xcassets in Resources */,
			);
			runOnlyForDeploymentPostprocessing = 0;
		};
		78BD93C624A375CB0001DB6A /* Resources */ = {
			isa = PBXResourcesBuildPhase;
			buildActionMask = 2147483647;
			files = (
				78BD93E724A375CB0001DB6A /* Assets.xcassets in Resources */,
			);
			runOnlyForDeploymentPostprocessing = 0;
		};
		78BD93CE24A375CB0001DB6A /* Resources */ = {
			isa = PBXResourcesBuildPhase;
			buildActionMask = 2147483647;
			files = (
			);
			runOnlyForDeploymentPostprocessing = 0;
		};
		78BD93D924A375CB0001DB6A /* Resources */ = {
			isa = PBXResourcesBuildPhase;
			buildActionMask = 2147483647;
			files = (
			);
			runOnlyForDeploymentPostprocessing = 0;
		};
/* End PBXResourcesBuildPhase section */

/* Begin PBXSourcesBuildPhase section */
		78BD93BC24A375CB0001DB6A /* Sources */ = {
			isa = PBXSourcesBuildPhase;
			buildActionMask = 2147483647;
			files = (
				78BD93E424A375CB0001DB6A /* ContentView.swift in Sources */,
				78BD93E224A375CB0001DB6A /* XKCDApp.swift in Sources */,
			);
			runOnlyForDeploymentPostprocessing = 0;
		};
		78BD93C424A375CB0001DB6A /* Sources */ = {
			isa = PBXSourcesBuildPhase;
			buildActionMask = 2147483647;
			files = (
				78BD93E524A375CB0001DB6A /* ContentView.swift in Sources */,
				78BD93E324A375CB0001DB6A /* XKCDApp.swift in Sources */,
			);
			runOnlyForDeploymentPostprocessing = 0;
		};
		78BD93CC24A375CB0001DB6A /* Sources */ = {
			isa = PBXSourcesBuildPhase;
			buildActionMask = 2147483647;
			files = (
				78BD93D524A375CB0001DB6A /* Tests_iOS.swift in Sources */,
			);
			runOnlyForDeploymentPostprocessing = 0;
		};
		78BD93D724A375CB0001DB6A /* Sources */ = {
			isa = PBXSourcesBuildPhase;
			buildActionMask = 2147483647;
			files = (
				78BD93E024A375CB0001DB6A /* Tests_macOS.swift in Sources */,
			);
			runOnlyForDeploymentPostprocessing = 0;
		};
/* End PBXSourcesBuildPhase section */

/* Begin PBXTargetDependency section */
		78BD93D224A375CB0001DB6A /* PBXTargetDependency */ = {
			isa = PBXTargetDependency;
			target = 78BD93BF24A375CB0001DB6A /* iOS */;
			targetProxy = 78BD93D124A375CB0001DB6A /* PBXContainerItemProxy */;
		};
		78BD93DD24A375CB0001DB6A /* PBXTargetDependency */ = {
			isa = PBXTargetDependency;
			target = 78BD93C724A375CB0001DB6A /* macOS */;
			targetProxy = 78BD93DC24A375CB0001DB6A /* PBXContainerItemProxy */;
		};
/* End PBXTargetDependency section */

/* Begin XCBuildConfiguration section */
		78BD93E824A375CB0001DB6A /* Debug */ = {
			isa = XCBuildConfiguration;
			buildSettings = {
				ALWAYS_SEARCH_USER_PATHS = NO;
				CLANG_ANALYZER_NONNULL = YES;
				CLANG_ANALYZER_NUMBER_OBJECT_CONVERSION = YES_AGGRESSIVE;
				CLANG_CXX_LANGUAGE_STANDARD = "gnu++14";
				CLANG_CXX_LIBRARY = "libc++";
				CLANG_ENABLE_MODULES = YES;
				CLANG_ENABLE_OBJC_ARC = YES;
				CLANG_ENABLE_OBJC_WEAK = YES;
				CLANG_WARN_BLOCK_CAPTURE_AUTORELEASING = YES;
				CLANG_WARN_BOOL_CONVERSION = YES;
				CLANG_WARN_COMMA = YES;
				CLANG_WARN_CONSTANT_CONVERSION = YES;
				CLANG_WARN_DEPRECATED_OBJC_IMPLEMENTATIONS = YES;
				CLANG_WARN_DIRECT_OBJC_ISA_USAGE = YES_ERROR;
				CLANG_WARN_DOCUMENTATION_COMMENTS = YES;
				CLANG_WARN_EMPTY_BODY = YES;
				CLANG_WARN_ENUM_CONVERSION = YES;
				CLANG_WARN_INFINITE_RECURSION = YES;
				CLANG_WARN_INT_CONVERSION = YES;
				CLANG_WARN_NON_LITERAL_NULL_CONVERSION = YES;
				CLANG_WARN_OBJC_IMPLICIT_RETAIN_SELF = YES;
				CLANG_WARN_OBJC_LITERAL_CONVERSION = YES;
				CLANG_WARN_OBJC_ROOT_CLASS = YES_ERROR;
				CLANG_WARN_QUOTED_INCLUDE_IN_FRAMEWORK_HEADER = YES;
				CLANG_WARN_RANGE_LOOP_ANALYSIS = YES;
				CLANG_WARN_STRICT_PROTOTYPES = YES;
				CLANG_WARN_SUSPICIOUS_MOVE = YES;
				CLANG_WARN_UNGUARDED_AVAILABILITY = YES_AGGRESSIVE;
				CLANG_WARN_UNREACHABLE_CODE = YES;
				CLANG_WARN__DUPLICATE_METHOD_MATCH = YES;
				COPY_PHASE_STRIP = NO;
				DEBUG_INFORMATION_FORMAT = dwarf;
				ENABLE_STRICT_OBJC_MSGSEND = YES;
				ENABLE_TESTABILITY = YES;
				GCC_C_LANGUAGE_STANDARD = gnu11;
				GCC_DYNAMIC_NO_PIC = NO;
				GCC_NO_COMMON_BLOCKS = YES;
				GCC_OPTIMIZATION_LEVEL = 0;
				GCC_PREPROCESSOR_DEFINITIONS = (
					"DEBUG=1",
					"$(inherited)",
				);
				GCC_WARN_64_TO_32_BIT_CONVERSION = YES;
				GCC_WARN_ABOUT_RETURN_TYPE = YES_ERROR;
				GCC_WARN_UNDECLARED_SELECTOR = YES;
				GCC_WARN_UNINITIALIZED_AUTOS = YES_AGGRESSIVE;
				GCC_WARN_UNUSED_FUNCTION = YES;
				GCC_WARN_UNUSED_VARIABLE = YES;
				MTL_ENABLE_DEBUG_INFO = INCLUDE_SOURCE;
				MTL_FAST_MATH = YES;
				ONLY_ACTIVE_ARCH = YES;
				SWIFT_ACTIVE_COMPILATION_CONDITIONS = DEBUG;
				SWIFT_OPTIMIZATION_LEVEL = "-Onone";
			};
			name = Debug;
		};
		78BD93E924A375CB0001DB6A /* Release */ = {
			isa = XCBuildConfiguration;
			buildSettings = {
				ALWAYS_SEARCH_USER_PATHS = NO;
				CLANG_ANALYZER_NONNULL = YES;
				CLANG_ANALYZER_NUMBER_OBJECT_CONVERSION = YES_AGGRESSIVE;
				CLANG_CXX_LANGUAGE_STANDARD = "gnu++14";
				CLANG_CXX_LIBRARY = "libc++";
				CLANG_ENABLE_MODULES = YES;
				CLANG_ENABLE_OBJC_ARC = YES;
				CLANG_ENABLE_OBJC_WEAK = YES;
				CLANG_WARN_BLOCK_CAPTURE_AUTORELEASING = YES;
				CLANG_WARN_BOOL_CONVERSION = YES;
				CLANG_WARN_COMMA = YES;
				CLANG_WARN_CONSTANT_CONVERSION = YES;
				CLANG_WARN_DEPRECATED_OBJC_IMPLEMENTATIONS = YES;
				CLANG_WARN_DIRECT_OBJC_ISA_USAGE = YES_ERROR;
				CLANG_WARN_DOCUMENTATION_COMMENTS = YES;
				CLANG_WARN_EMPTY_BODY = YES;
				CLANG_WARN_ENUM_CONVERSION = YES;
				CLANG_WARN_INFINITE_RECURSION = YES;
				CLANG_WARN_INT_CONVERSION = YES;
				CLANG_WARN_NON_LITERAL_NULL_CONVERSION = YES;
				CLANG_WARN_OBJC_IMPLICIT_RETAIN_SELF = YES;
				CLANG_WARN_OBJC_LITERAL_CONVERSION = YES;
				CLANG_WARN_OBJC_ROOT_CLASS = YES_ERROR;
				CLANG_WARN_QUOTED_INCLUDE_IN_FRAMEWORK_HEADER = YES;
				CLANG_WARN_RANGE_LOOP_ANALYSIS = YES;
				CLANG_WARN_STRICT_PROTOTYPES = YES;
				CLANG_WARN_SUSPICIOUS_MOVE = YES;
				CLANG_WARN_UNGUARDED_AVAILABILITY = YES_AGGRESSIVE;
				CLANG_WARN_UNREACHABLE_CODE = YES;
				CLANG_WARN__DUPLICATE_METHOD_MATCH = YES;
				COPY_PHASE_STRIP = NO;
				DEBUG_INFORMATION_FORMAT = "dwarf-with-dsym";
				ENABLE_NS_ASSERTIONS = NO;
				ENABLE_STRICT_OBJC_MSGSEND = YES;
				GCC_C_LANGUAGE_STANDARD = gnu11;
				GCC_NO_COMMON_BLOCKS = YES;
				GCC_WARN_64_TO_32_BIT_CONVERSION = YES;
				GCC_WARN_ABOUT_RETURN_TYPE = YES_ERROR;
				GCC_WARN_UNDECLARED_SELECTOR = YES;
				GCC_WARN_UNINITIALIZED_AUTOS = YES_AGGRESSIVE;
				GCC_WARN_UNUSED_FUNCTION = YES;
				GCC_WARN_UNUSED_VARIABLE = YES;
				MTL_ENABLE_DEBUG_INFO = NO;
				MTL_FAST_MATH = YES;
				SWIFT_COMPILATION_MODE = wholemodule;
				SWIFT_OPTIMIZATION_LEVEL = "-O";
			};
			name = Release;
		};
		78BD93EB24A375CB0001DB6A /* Debug */ = {
			isa = XCBuildConfiguration;
			buildSettings = {
				ASSETCATALOG_COMPILER_APPICON_NAME = AppIcon;
				ASSETCATALOG_COMPILER_GLOBAL_ACCENT_COLOR_NAME = AccentColor;
				CODE_SIGN_STYLE = Automatic;
				DEVELOPMENT_TEAM = 4CZEVM6X98;
				ENABLE_PREVIEWS = YES;
				INFOPLIST_FILE = iOS/Info.plist;
				IPHONEOS_DEPLOYMENT_TARGET = 14.0;
				LD_RUNPATH_SEARCH_PATHS = (
					"$(inherited)",
					"@executable_path/Frameworks",
				);
				PRODUCT_BUNDLE_IDENTIFIER = georgmeissner.XKCD;
				PRODUCT_NAME = XKCD;
				SDKROOT = iphoneos;
				SWIFT_VERSION = 5.0;
				TARGETED_DEVICE_FAMILY = "1,2";
			};
			name = Debug;
		};
		78BD93EC24A375CB0001DB6A /* Release */ = {
			isa = XCBuildConfiguration;
			buildSettings = {
				ASSETCATALOG_COMPILER_APPICON_NAME = AppIcon;
				ASSETCATALOG_COMPILER_GLOBAL_ACCENT_COLOR_NAME = AccentColor;
				CODE_SIGN_STYLE = Automatic;
				DEVELOPMENT_TEAM = 4CZEVM6X98;
				ENABLE_PREVIEWS = YES;
				INFOPLIST_FILE = iOS/Info.plist;
				IPHONEOS_DEPLOYMENT_TARGET = 14.0;
				LD_RUNPATH_SEARCH_PATHS = (
					"$(inherited)",
					"@executable_path/Frameworks",
				);
				PRODUCT_BUNDLE_IDENTIFIER = georgmeissner.XKCD;
				PRODUCT_NAME = XKCD;
				SDKROOT = iphoneos;
				SWIFT_VERSION = 5.0;
				TARGETED_DEVICE_FAMILY = "1,2";
				VALIDATE_PRODUCT = YES;
			};
			name = Release;
		};
		78BD93EE24A375CB0001DB6A /* Debug */ = {
			isa = XCBuildConfiguration;
			buildSettings = {
				ASSETCATALOG_COMPILER_APPICON_NAME = AppIcon;
				ASSETCATALOG_COMPILER_GLOBAL_ACCENT_COLOR_NAME = AccentColor;
				CODE_SIGN_ENTITLEMENTS = macOS/macOS.entitlements;
				CODE_SIGN_STYLE = Automatic;
				COMBINE_HIDPI_IMAGES = YES;
				DEVELOPMENT_TEAM = 4CZEVM6X98;
				ENABLE_HARDENED_RUNTIME = YES;
				ENABLE_PREVIEWS = YES;
				INFOPLIST_FILE = macOS/Info.plist;
				LD_RUNPATH_SEARCH_PATHS = (
					"$(inherited)",
					"@executable_path/../Frameworks",
				);
				MACOSX_DEPLOYMENT_TARGET = 10.16;
				PRODUCT_BUNDLE_IDENTIFIER = georgmeissner.XKCD;
				PRODUCT_NAME = XKCD;
				SDKROOT = macosx;
				SWIFT_VERSION = 5.0;
			};
			name = Debug;
		};
		78BD93EF24A375CB0001DB6A /* Release */ = {
			isa = XCBuildConfiguration;
			buildSettings = {
				ASSETCATALOG_COMPILER_APPICON_NAME = AppIcon;
				ASSETCATALOG_COMPILER_GLOBAL_ACCENT_COLOR_NAME = AccentColor;
				CODE_SIGN_ENTITLEMENTS = macOS/macOS.entitlements;
				CODE_SIGN_STYLE = Automatic;
				COMBINE_HIDPI_IMAGES = YES;
				DEVELOPMENT_TEAM = 4CZEVM6X98;
				ENABLE_HARDENED_RUNTIME = YES;
				ENABLE_PREVIEWS = YES;
				INFOPLIST_FILE = macOS/Info.plist;
				LD_RUNPATH_SEARCH_PATHS = (
					"$(inherited)",
					"@executable_path/../Frameworks",
				);
				MACOSX_DEPLOYMENT_TARGET = 10.16;
				PRODUCT_BUNDLE_IDENTIFIER = georgmeissner.XKCD;
				PRODUCT_NAME = XKCD;
				SDKROOT = macosx;
				SWIFT_VERSION = 5.0;
			};
			name = Release;
		};
		78BD93F124A375CB0001DB6A /* Debug */ = {
			isa = XCBuildConfiguration;
			buildSettings = {
				ALWAYS_EMBED_SWIFT_STANDARD_LIBRARIES = YES;
				CODE_SIGN_STYLE = Automatic;
				DEVELOPMENT_TEAM = 4CZEVM6X98;
				INFOPLIST_FILE = "Tests iOS/Info.plist";
				IPHONEOS_DEPLOYMENT_TARGET = 14.0;
				LD_RUNPATH_SEARCH_PATHS = (
					"$(inherited)",
					"@executable_path/Frameworks",
					"@loader_path/Frameworks",
				);
				PRODUCT_BUNDLE_IDENTIFIER = "georgmeissner.Tests-iOS";
				PRODUCT_NAME = "$(TARGET_NAME)";
				SDKROOT = iphoneos;
				SWIFT_VERSION = 5.0;
				TARGETED_DEVICE_FAMILY = "1,2";
				TEST_TARGET_NAME = iOS;
			};
			name = Debug;
		};
		78BD93F224A375CB0001DB6A /* Release */ = {
			isa = XCBuildConfiguration;
			buildSettings = {
				ALWAYS_EMBED_SWIFT_STANDARD_LIBRARIES = YES;
				CODE_SIGN_STYLE = Automatic;
				DEVELOPMENT_TEAM = 4CZEVM6X98;
				INFOPLIST_FILE = "Tests iOS/Info.plist";
				IPHONEOS_DEPLOYMENT_TARGET = 14.0;
				LD_RUNPATH_SEARCH_PATHS = (
					"$(inherited)",
					"@executable_path/Frameworks",
					"@loader_path/Frameworks",
				);
				PRODUCT_BUNDLE_IDENTIFIER = "georgmeissner.Tests-iOS";
				PRODUCT_NAME = "$(TARGET_NAME)";
				SDKROOT = iphoneos;
				SWIFT_VERSION = 5.0;
				TARGETED_DEVICE_FAMILY = "1,2";
				TEST_TARGET_NAME = iOS;
				VALIDATE_PRODUCT = YES;
			};
			name = Release;
		};
		78BD93F424A375CB0001DB6A /* Debug */ = {
			isa = XCBuildConfiguration;
			buildSettings = {
				ALWAYS_EMBED_SWIFT_STANDARD_LIBRARIES = YES;
				CODE_SIGN_STYLE = Automatic;
				COMBINE_HIDPI_IMAGES = YES;
				DEVELOPMENT_TEAM = 4CZEVM6X98;
				INFOPLIST_FILE = "Tests macOS/Info.plist";
				LD_RUNPATH_SEARCH_PATHS = (
					"$(inherited)",
					"@executable_path/../Frameworks",
					"@loader_path/../Frameworks",
				);
				MACOSX_DEPLOYMENT_TARGET = 10.15;
				PRODUCT_BUNDLE_IDENTIFIER = "georgmeissner.Tests-macOS";
				PRODUCT_NAME = "$(TARGET_NAME)";
				SDKROOT = macosx;
				SWIFT_VERSION = 5.0;
				TEST_TARGET_NAME = macOS;
			};
			name = Debug;
		};
		78BD93F524A375CB0001DB6A /* Release */ = {
			isa = XCBuildConfiguration;
			buildSettings = {
				ALWAYS_EMBED_SWIFT_STANDARD_LIBRARIES = YES;
				CODE_SIGN_STYLE = Automatic;
				COMBINE_HIDPI_IMAGES = YES;
				DEVELOPMENT_TEAM = 4CZEVM6X98;
				INFOPLIST_FILE = "Tests macOS/Info.plist";
				LD_RUNPATH_SEARCH_PATHS = (
					"$(inherited)",
					"@executable_path/../Frameworks",
					"@loader_path/../Frameworks",
				);
				MACOSX_DEPLOYMENT_TARGET = 10.15;
				PRODUCT_BUNDLE_IDENTIFIER = "georgmeissner.Tests-macOS";
				PRODUCT_NAME = "$(TARGET_NAME)";
				SDKROOT = macosx;
				SWIFT_VERSION = 5.0;
				TEST_TARGET_NAME = macOS;
			};
			name = Release;
		};
/* End XCBuildConfiguration section */

/* Begin XCConfigurationList section */
		78BD93B724A375C90001DB6A /* Build configuration list for PBXProject "XKCD" */ = {
			isa = XCConfigurationList;
			buildConfigurations = (
				78BD93E824A375CB0001DB6A /* Debug */,
				78BD93E924A375CB0001DB6A /* Release */,
			);
			defaultConfigurationIsVisible = 0;
			defaultConfigurationName = Release;
		};
		78BD93EA24A375CB0001DB6A /* Build configuration list for PBXNativeTarget "iOS" */ = {
			isa = XCConfigurationList;
			buildConfigurations = (
				78BD93EB24A375CB0001DB6A /* Debug */,
				78BD93EC24A375CB0001DB6A /* Release */,
			);
			defaultConfigurationIsVisible = 0;
			defaultConfigurationName = Release;
		};
		78BD93ED24A375CB0001DB6A /* Build configuration list for PBXNativeTarget "macOS" */ = {
			isa = XCConfigurationList;
			buildConfigurations = (
				78BD93EE24A375CB0001DB6A /* Debug */,
				78BD93EF24A375CB0001DB6A /* Release */,
			);
			defaultConfigurationIsVisible = 0;
			defaultConfigurationName = Release;
		};
		78BD93F024A375CB0001DB6A /* Build configuration list for PBXNativeTarget "Tests iOS" */ = {
			isa = XCConfigurationList;
			buildConfigurations = (
				78BD93F124A375CB0001DB6A /* Debug */,
				78BD93F224A375CB0001DB6A /* Release */,
			);
			defaultConfigurationIsVisible = 0;
			defaultConfigurationName = Release;
		};
		78BD93F324A375CB0001DB6A /* Build configuration list for PBXNativeTarget "Tests macOS" */ = {
			isa = XCConfigurationList;
			buildConfigurations = (
				78BD93F424A375CB0001DB6A /* Debug */,
				78BD93F524A375CB0001DB6A /* Release */,
			);
			defaultConfigurationIsVisible = 0;
			defaultConfigurationName = Release;
		};
/* End XCConfigurationList section */
	};
	rootObject = 78BD93B424A375C90001DB6A /* Project object */;
}
